// !$*UTF8*$!
{
	archiveVersion = 1;
	classes = {
	};
	objectVersion = 77;
	objects = {

/* Begin PBXBuildFile section */
		255AE2E025E4F716FAAB9043 /* Pods_AGETEKO.framework in Frameworks */ = {isa = PBXBuildFile; fileRef = AC47293CC2BB1EB712FCB920 /* Pods_AGETEKO.framework */; };
		571C920D2D931DAD008F2261 /* gemma-3-1b-it-q4f16_1 in Resources */ = {isa = PBXBuildFile; fileRef = 5755770C2D91947F005E4254 /* gemma-3-1b-it-q4f16_1 */; };
		5755742A2D910BFD005E4254 /* dist in Frameworks */ = {isa = PBXBuildFile; fileRef = 575574292D910BFD005E4254 /* dist */; };
		575576242D91127D005E4254 /* MLCSwift in Frameworks */ = {isa = PBXBuildFile; productRef = 575576232D91127D005E4254 /* MLCSwift */; };
		575576262D9115DB005E4254 /* WebKit.framework in Frameworks */ = {isa = PBXBuildFile; fileRef = 575576252D9115DB005E4254 /* WebKit.framework */; };
		57A2E8482D8B2ED00086A056 /* OpenAI in Frameworks */ = {isa = PBXBuildFile; productRef = 57A2E8472D8B2ED00086A056 /* OpenAI */; };
		57A2EE972D8CF8830086A056 /* GoogleMobileAds in Frameworks */ = {isa = PBXBuildFile; productRef = 57A2EE962D8CF8830086A056 /* GoogleMobileAds */; };
		826DA6E4E72A270B4973B8A4 /* Pods_AGETEKOTests.framework in Frameworks */ = {isa = PBXBuildFile; fileRef = FE87C0AE8C8ACD98DBA3FE04 /* Pods_AGETEKOTests.framework */; };
		CEC3B7F73935B5973B4E0FCA /* Pods_AGETEKO_AGETEKOUITests.framework in Frameworks */ = {isa = PBXBuildFile; fileRef = F32265005AB2AE06BB759BC2 /* Pods_AGETEKO_AGETEKOUITests.framework */; };
/* End PBXBuildFile section */

/* Begin PBXContainerItemProxy section */
		57D421EB2D89E4A0008CD006 /* PBXContainerItemProxy */ = {
			isa = PBXContainerItemProxy;
			containerPortal = 57D421D12D89E49F008CD006 /* Project object */;
			proxyType = 1;
			remoteGlobalIDString = 57D421D82D89E49F008CD006;
			remoteInfo = AGETEKO;
		};
		57D421F52D89E4A0008CD006 /* PBXContainerItemProxy */ = {
			isa = PBXContainerItemProxy;
			containerPortal = 57D421D12D89E49F008CD006 /* Project object */;
			proxyType = 1;
			remoteGlobalIDString = 57D421D82D89E49F008CD006;
			remoteInfo = AGETEKO;
		};
/* End PBXContainerItemProxy section */

/* Begin PBXFileReference section */
		21195A4516DFC2AFD044EFAD /* Pods-AGETEKO.debug.xcconfig */ = {isa = PBXFileReference; includeInIndex = 1; lastKnownFileType = text.xcconfig; name = "Pods-AGETEKO.debug.xcconfig"; path = "Target Support Files/Pods-AGETEKO/Pods-AGETEKO.debug.xcconfig"; sourceTree = "<group>"; };
		575574292D910BFD005E4254 /* dist */ = {isa = PBXFileReference; lastKnownFileType = folder; path = dist; sourceTree = "<group>"; };
		575574BD2D910FBA005E4254 /* bundle */ = {isa = PBXFileReference; lastKnownFileType = folder; name = bundle; path = AGETEKO/dist/bundle; sourceTree = "<group>"; };
		575576252D9115DB005E4254 /* WebKit.framework */ = {isa = PBXFileReference; lastKnownFileType = wrapper.framework; name = WebKit.framework; path = Platforms/iPhoneOS.platform/Developer/SDKs/iPhoneOS18.2.sdk/System/Library/Frameworks/WebKit.framework; sourceTree = DEVELOPER_DIR; };
		575576292D911B99005E4254 /* Llama-3.2-3B-Instruct-q4f16_1-MLC */ = {isa = PBXFileReference; lastKnownFileType = folder; name = "Llama-3.2-3B-Instruct-q4f16_1-MLC"; path = "AGETEKO/dist/bundle/Llama-3.2-3B-Instruct-q4f16_1-MLC"; sourceTree = "<group>"; };
		5755770C2D91947F005E4254 /* gemma-3-1b-it-q4f16_1 */ = {isa = PBXFileReference; lastKnownFileType = folder; name = "gemma-3-1b-it-q4f16_1"; path = "AGETEKO/dist/bundle/gemma-3-1b-it-q4f16_1"; sourceTree = "<group>"; };
		575578A02D92673A005E4254 /* bundle */ = {isa = PBXFileReference; lastKnownFileType = folder; name = bundle; path = AGETEKO/dist/bundle; sourceTree = "<group>"; };
		575578A22D926859005E4254 /* dist */ = {isa = PBXFileReference; lastKnownFileType = folder; name = dist; path = AGETEKO/dist; sourceTree = "<group>"; };
		575578A42D926881005E4254 /* gemma-3-4b-it-q4f16_1-MLC2 */ = {isa = PBXFileReference; lastKnownFileType = folder; name = "gemma-3-4b-it-q4f16_1-MLC2"; path = "AGETEKO/dist/bundle/gemma-3-4b-it-q4f16_1-MLC2"; sourceTree = "<group>"; };
		57D421D92D89E49F008CD006 /* AGETEKO.app */ = {isa = PBXFileReference; explicitFileType = wrapper.application; includeInIndex = 0; path = AGETEKO.app; sourceTree = BUILT_PRODUCTS_DIR; };
		57D421EA2D89E4A0008CD006 /* AGETEKOTests.xctest */ = {isa = PBXFileReference; explicitFileType = wrapper.cfbundle; includeInIndex = 0; path = AGETEKOTests.xctest; sourceTree = BUILT_PRODUCTS_DIR; };
		57D421F42D89E4A0008CD006 /* AGETEKOUITests.xctest */ = {isa = PBXFileReference; explicitFileType = wrapper.cfbundle; includeInIndex = 0; path = AGETEKOUITests.xctest; sourceTree = BUILT_PRODUCTS_DIR; };
		5ECEAB7CF04737238E53F28E /* Pods-AGETEKO-AGETEKOUITests.debug.xcconfig */ = {isa = PBXFileReference; includeInIndex = 1; lastKnownFileType = text.xcconfig; name = "Pods-AGETEKO-AGETEKOUITests.debug.xcconfig"; path = "Target Support Files/Pods-AGETEKO-AGETEKOUITests/Pods-AGETEKO-AGETEKOUITests.debug.xcconfig"; sourceTree = "<group>"; };
		71F1A0EE0ECE9AD521F1E11D /* Pods-AGETEKOTests.release.xcconfig */ = {isa = PBXFileReference; includeInIndex = 1; lastKnownFileType = text.xcconfig; name = "Pods-AGETEKOTests.release.xcconfig"; path = "Target Support Files/Pods-AGETEKOTests/Pods-AGETEKOTests.release.xcconfig"; sourceTree = "<group>"; };
		880A49349ADB9FC6C9BA1B40 /* Pods-AGETEKO.release.xcconfig */ = {isa = PBXFileReference; includeInIndex = 1; lastKnownFileType = text.xcconfig; name = "Pods-AGETEKO.release.xcconfig"; path = "Target Support Files/Pods-AGETEKO/Pods-AGETEKO.release.xcconfig"; sourceTree = "<group>"; };
		9F0E72C1105EAC4C73869D44 /* Pods-AGETEKOTests.debug.xcconfig */ = {isa = PBXFileReference; includeInIndex = 1; lastKnownFileType = text.xcconfig; name = "Pods-AGETEKOTests.debug.xcconfig"; path = "Target Support Files/Pods-AGETEKOTests/Pods-AGETEKOTests.debug.xcconfig"; sourceTree = "<group>"; };
		AC47293CC2BB1EB712FCB920 /* Pods_AGETEKO.framework */ = {isa = PBXFileReference; explicitFileType = wrapper.framework; includeInIndex = 0; path = Pods_AGETEKO.framework; sourceTree = BUILT_PRODUCTS_DIR; };
		C866EC94DF163966424FCA54 /* Pods-AGETEKO-AGETEKOUITests.release.xcconfig */ = {isa = PBXFileReference; includeInIndex = 1; lastKnownFileType = text.xcconfig; name = "Pods-AGETEKO-AGETEKOUITests.release.xcconfig"; path = "Target Support Files/Pods-AGETEKO-AGETEKOUITests/Pods-AGETEKO-AGETEKOUITests.release.xcconfig"; sourceTree = "<group>"; };
		F32265005AB2AE06BB759BC2 /* Pods_AGETEKO_AGETEKOUITests.framework */ = {isa = PBXFileReference; explicitFileType = wrapper.framework; includeInIndex = 0; path = Pods_AGETEKO_AGETEKOUITests.framework; sourceTree = BUILT_PRODUCTS_DIR; };
		FE87C0AE8C8ACD98DBA3FE04 /* Pods_AGETEKOTests.framework */ = {isa = PBXFileReference; explicitFileType = wrapper.framework; includeInIndex = 0; path = Pods_AGETEKOTests.framework; sourceTree = BUILT_PRODUCTS_DIR; };
/* End PBXFileReference section */

/* Begin PBXFileSystemSynchronizedBuildFileExceptionSet section */
		57A2E8582D8B3BF90086A056 /* Exceptions for "AGETEKO" folder in "AGETEKO" target */ = {
			isa = PBXFileSystemSynchronizedBuildFileExceptionSet;
			membershipExceptions = (
				"dist/bundle/Llama-3.2-3B-Instruct-q4f16_1-MLC/.gitattributes",
				"dist/bundle/Llama-3.2-3B-Instruct-q4f16_1-MLC/mlc-chat-config.json",
				"dist/bundle/Llama-3.2-3B-Instruct-q4f16_1-MLC/ndarray-cache.json",
				"dist/bundle/Llama-3.2-3B-Instruct-q4f16_1-MLC/params_shard_0.bin",
				"dist/bundle/Llama-3.2-3B-Instruct-q4f16_1-MLC/params_shard_1.bin",
				"dist/bundle/Llama-3.2-3B-Instruct-q4f16_1-MLC/params_shard_2.bin",
				"dist/bundle/Llama-3.2-3B-Instruct-q4f16_1-MLC/params_shard_3.bin",
				"dist/bundle/Llama-3.2-3B-Instruct-q4f16_1-MLC/params_shard_4.bin",
				"dist/bundle/Llama-3.2-3B-Instruct-q4f16_1-MLC/params_shard_5.bin",
				"dist/bundle/Llama-3.2-3B-Instruct-q4f16_1-MLC/params_shard_6.bin",
				"dist/bundle/Llama-3.2-3B-Instruct-q4f16_1-MLC/params_shard_7.bin",
				"dist/bundle/Llama-3.2-3B-Instruct-q4f16_1-MLC/params_shard_8.bin",
				"dist/bundle/Llama-3.2-3B-Instruct-q4f16_1-MLC/params_shard_9.bin",
				"dist/bundle/Llama-3.2-3B-Instruct-q4f16_1-MLC/params_shard_10.bin",
				"dist/bundle/Llama-3.2-3B-Instruct-q4f16_1-MLC/params_shard_11.bin",
				"dist/bundle/Llama-3.2-3B-Instruct-q4f16_1-MLC/params_shard_12.bin",
				"dist/bundle/Llama-3.2-3B-Instruct-q4f16_1-MLC/params_shard_13.bin",
				"dist/bundle/Llama-3.2-3B-Instruct-q4f16_1-MLC/params_shard_14.bin",
				"dist/bundle/Llama-3.2-3B-Instruct-q4f16_1-MLC/params_shard_15.bin",
				"dist/bundle/Llama-3.2-3B-Instruct-q4f16_1-MLC/params_shard_16.bin",
				"dist/bundle/Llama-3.2-3B-Instruct-q4f16_1-MLC/params_shard_17.bin",
				"dist/bundle/Llama-3.2-3B-Instruct-q4f16_1-MLC/params_shard_18.bin",
				"dist/bundle/Llama-3.2-3B-Instruct-q4f16_1-MLC/params_shard_19.bin",
				"dist/bundle/Llama-3.2-3B-Instruct-q4f16_1-MLC/params_shard_20.bin",
				"dist/bundle/Llama-3.2-3B-Instruct-q4f16_1-MLC/params_shard_21.bin",
				"dist/bundle/Llama-3.2-3B-Instruct-q4f16_1-MLC/params_shard_22.bin",
				"dist/bundle/Llama-3.2-3B-Instruct-q4f16_1-MLC/params_shard_23.bin",
				"dist/bundle/Llama-3.2-3B-Instruct-q4f16_1-MLC/params_shard_24.bin",
				"dist/bundle/Llama-3.2-3B-Instruct-q4f16_1-MLC/params_shard_25.bin",
				"dist/bundle/Llama-3.2-3B-Instruct-q4f16_1-MLC/params_shard_26.bin",
				"dist/bundle/Llama-3.2-3B-Instruct-q4f16_1-MLC/params_shard_27.bin",
				"dist/bundle/Llama-3.2-3B-Instruct-q4f16_1-MLC/params_shard_28.bin",
				"dist/bundle/Llama-3.2-3B-Instruct-q4f16_1-MLC/params_shard_29.bin",
				"dist/bundle/Llama-3.2-3B-Instruct-q4f16_1-MLC/params_shard_30.bin",
				"dist/bundle/Llama-3.2-3B-Instruct-q4f16_1-MLC/params_shard_31.bin",
				"dist/bundle/Llama-3.2-3B-Instruct-q4f16_1-MLC/params_shard_32.bin",
				"dist/bundle/Llama-3.2-3B-Instruct-q4f16_1-MLC/params_shard_33.bin",
				"dist/bundle/Llama-3.2-3B-Instruct-q4f16_1-MLC/params_shard_34.bin",
				"dist/bundle/Llama-3.2-3B-Instruct-q4f16_1-MLC/params_shard_35.bin",
				"dist/bundle/Llama-3.2-3B-Instruct-q4f16_1-MLC/params_shard_36.bin",
				"dist/bundle/Llama-3.2-3B-Instruct-q4f16_1-MLC/params_shard_37.bin",
				"dist/bundle/Llama-3.2-3B-Instruct-q4f16_1-MLC/params_shard_38.bin",
				"dist/bundle/Llama-3.2-3B-Instruct-q4f16_1-MLC/params_shard_39.bin",
				"dist/bundle/Llama-3.2-3B-Instruct-q4f16_1-MLC/params_shard_40.bin",
				"dist/bundle/Llama-3.2-3B-Instruct-q4f16_1-MLC/params_shard_41.bin",
				"dist/bundle/Llama-3.2-3B-Instruct-q4f16_1-MLC/params_shard_42.bin",
				"dist/bundle/Llama-3.2-3B-Instruct-q4f16_1-MLC/params_shard_43.bin",
				"dist/bundle/Llama-3.2-3B-Instruct-q4f16_1-MLC/params_shard_44.bin",
				"dist/bundle/Llama-3.2-3B-Instruct-q4f16_1-MLC/params_shard_45.bin",
				"dist/bundle/Llama-3.2-3B-Instruct-q4f16_1-MLC/params_shard_46.bin",
				"dist/bundle/Llama-3.2-3B-Instruct-q4f16_1-MLC/params_shard_47.bin",
				"dist/bundle/Llama-3.2-3B-Instruct-q4f16_1-MLC/params_shard_48.bin",
				"dist/bundle/Llama-3.2-3B-Instruct-q4f16_1-MLC/params_shard_49.bin",
				"dist/bundle/Llama-3.2-3B-Instruct-q4f16_1-MLC/params_shard_50.bin",
				"dist/bundle/Llama-3.2-3B-Instruct-q4f16_1-MLC/params_shard_51.bin",
				"dist/bundle/Llama-3.2-3B-Instruct-q4f16_1-MLC/params_shard_52.bin",
				"dist/bundle/Llama-3.2-3B-Instruct-q4f16_1-MLC/params_shard_53.bin",
				"dist/bundle/Llama-3.2-3B-Instruct-q4f16_1-MLC/params_shard_54.bin",
				"dist/bundle/Llama-3.2-3B-Instruct-q4f16_1-MLC/params_shard_55.bin",
				"dist/bundle/Llama-3.2-3B-Instruct-q4f16_1-MLC/params_shard_56.bin",
				"dist/bundle/Llama-3.2-3B-Instruct-q4f16_1-MLC/params_shard_57.bin",
				"dist/bundle/Llama-3.2-3B-Instruct-q4f16_1-MLC/README.md",
				"dist/bundle/Llama-3.2-3B-Instruct-q4f16_1-MLC/tokenizer_config.json",
				"dist/bundle/Llama-3.2-3B-Instruct-q4f16_1-MLC/tokenizer.json",
				Info.plist,
			);
			target = 57D421D82D89E49F008CD006 /* AGETEKO */;
		};
/* End PBXFileSystemSynchronizedBuildFileExceptionSet section */

/* Begin PBXFileSystemSynchronizedRootGroup section */
		57D421DB2D89E49F008CD006 /* AGETEKO */ = {
			isa = PBXFileSystemSynchronizedRootGroup;
			exceptions = (
				57A2E8582D8B3BF90086A056 /* Exceptions for "AGETEKO" folder in "AGETEKO" target */,
			);
			path = AGETEKO;
			sourceTree = "<group>";
		};
		57D421ED2D89E4A0008CD006 /* AGETEKOTests */ = {
			isa = PBXFileSystemSynchronizedRootGroup;
			path = AGETEKOTests;
			sourceTree = "<group>";
		};
		57D421F72D89E4A0008CD006 /* AGETEKOUITests */ = {
			isa = PBXFileSystemSynchronizedRootGroup;
			path = AGETEKOUITests;
			sourceTree = "<group>";
		};
/* End PBXFileSystemSynchronizedRootGroup section */

/* Begin PBXFrameworksBuildPhase section */
		57D421D62D89E49F008CD006 /* Frameworks */ = {
			isa = PBXFrameworksBuildPhase;
			buildActionMask = 2147483647;
			files = (
				575576262D9115DB005E4254 /* WebKit.framework in Frameworks */,
				5755742A2D910BFD005E4254 /* dist in Frameworks */,
				575576242D91127D005E4254 /* MLCSwift in Frameworks */,
				57A2EE972D8CF8830086A056 /* GoogleMobileAds in Frameworks */,
				57A2E8482D8B2ED00086A056 /* OpenAI in Frameworks */,
				255AE2E025E4F716FAAB9043 /* Pods_AGETEKO.framework in Frameworks */,
			);
			runOnlyForDeploymentPostprocessing = 0;
		};
		57D421E72D89E4A0008CD006 /* Frameworks */ = {
			isa = PBXFrameworksBuildPhase;
			buildActionMask = 2147483647;
			files = (
				826DA6E4E72A270B4973B8A4 /* Pods_AGETEKOTests.framework in Frameworks */,
			);
			runOnlyForDeploymentPostprocessing = 0;
		};
		57D421F12D89E4A0008CD006 /* Frameworks */ = {
			isa = PBXFrameworksBuildPhase;
			buildActionMask = 2147483647;
			files = (
				CEC3B7F73935B5973B4E0FCA /* Pods_AGETEKO_AGETEKOUITests.framework in Frameworks */,
			);
			runOnlyForDeploymentPostprocessing = 0;
		};
/* End PBXFrameworksBuildPhase section */

/* Begin PBXGroup section */
		57D421D02D89E49F008CD006 = {
			isa = PBXGroup;
			children = (
				575578A42D926881005E4254 /* gemma-3-4b-it-q4f16_1-MLC2 */,
				575578A22D926859005E4254 /* dist */,
				575578A02D92673A005E4254 /* bundle */,
				5755770C2D91947F005E4254 /* gemma-3-1b-it-q4f16_1 */,
				575576292D911B99005E4254 /* Llama-3.2-3B-Instruct-q4f16_1-MLC */,
				575574BD2D910FBA005E4254 /* bundle */,
				57D421DB2D89E49F008CD006 /* AGETEKO */,
				57D421ED2D89E4A0008CD006 /* AGETEKOTests */,
				57D421F72D89E4A0008CD006 /* AGETEKOUITests */,
				57D421DA2D89E49F008CD006 /* Products */,
				6ED91F1ECB3C021049A73E7B /* Pods */,
				9D6097ED931DB3282AEBC789 /* Frameworks */,
			);
			sourceTree = "<group>";
		};
		57D421DA2D89E49F008CD006 /* Products */ = {
			isa = PBXGroup;
			children = (
				57D421D92D89E49F008CD006 /* AGETEKO.app */,
				57D421EA2D89E4A0008CD006 /* AGETEKOTests.xctest */,
				57D421F42D89E4A0008CD006 /* AGETEKOUITests.xctest */,
			);
			name = Products;
			sourceTree = "<group>";
		};
		6ED91F1ECB3C021049A73E7B /* Pods */ = {
			isa = PBXGroup;
			children = (
				21195A4516DFC2AFD044EFAD /* Pods-AGETEKO.debug.xcconfig */,
				880A49349ADB9FC6C9BA1B40 /* Pods-AGETEKO.release.xcconfig */,
				5ECEAB7CF04737238E53F28E /* Pods-AGETEKO-AGETEKOUITests.debug.xcconfig */,
				C866EC94DF163966424FCA54 /* Pods-AGETEKO-AGETEKOUITests.release.xcconfig */,
				9F0E72C1105EAC4C73869D44 /* Pods-AGETEKOTests.debug.xcconfig */,
				71F1A0EE0ECE9AD521F1E11D /* Pods-AGETEKOTests.release.xcconfig */,
			);
			path = Pods;
			sourceTree = "<group>";
		};
		9D6097ED931DB3282AEBC789 /* Frameworks */ = {
			isa = PBXGroup;
			children = (
				575576252D9115DB005E4254 /* WebKit.framework */,
				575574292D910BFD005E4254 /* dist */,
				AC47293CC2BB1EB712FCB920 /* Pods_AGETEKO.framework */,
				F32265005AB2AE06BB759BC2 /* Pods_AGETEKO_AGETEKOUITests.framework */,
				FE87C0AE8C8ACD98DBA3FE04 /* Pods_AGETEKOTests.framework */,
			);
			name = Frameworks;
			sourceTree = "<group>";
		};
/* End PBXGroup section */

/* Begin PBXNativeTarget section */
		57D421D82D89E49F008CD006 /* AGETEKO */ = {
			isa = PBXNativeTarget;
			buildConfigurationList = 57D421FE2D89E4A0008CD006 /* Build configuration list for PBXNativeTarget "AGETEKO" */;
			buildPhases = (
				BAC8ADD0810A5F16267C9F2B /* [CP] Check Pods Manifest.lock */,
				57D421D52D89E49F008CD006 /* Sources */,
				57D421D62D89E49F008CD006 /* Frameworks */,
				57D421D72D89E49F008CD006 /* Resources */,
				C1C5CCDAF3F845AC67DBC21E /* [CP] Embed Pods Frameworks */,
			);
			buildRules = (
			);
			dependencies = (
			);
			fileSystemSynchronizedGroups = (
				57D421DB2D89E49F008CD006 /* AGETEKO */,
			);
			name = AGETEKO;
			packageProductDependencies = (
				57A2E8472D8B2ED00086A056 /* OpenAI */,
				57A2EE962D8CF8830086A056 /* GoogleMobileAds */,
				575576232D91127D005E4254 /* MLCSwift */,
			);
			productName = AGETEKO;
			productReference = 57D421D92D89E49F008CD006 /* AGETEKO.app */;
			productType = "com.apple.product-type.application";
		};
		57D421E92D89E4A0008CD006 /* AGETEKOTests */ = {
			isa = PBXNativeTarget;
			buildConfigurationList = 57D422012D89E4A0008CD006 /* Build configuration list for PBXNativeTarget "AGETEKOTests" */;
			buildPhases = (
				E37B93A243B2DEA44B78CCFF /* [CP] Check Pods Manifest.lock */,
				57D421E62D89E4A0008CD006 /* Sources */,
				57D421E72D89E4A0008CD006 /* Frameworks */,
				57D421E82D89E4A0008CD006 /* Resources */,
			);
			buildRules = (
			);
			dependencies = (
				57D421EC2D89E4A0008CD006 /* PBXTargetDependency */,
			);
			fileSystemSynchronizedGroups = (
				57D421ED2D89E4A0008CD006 /* AGETEKOTests */,
			);
			name = AGETEKOTests;
			productName = AGETEKOTests;
			productReference = 57D421EA2D89E4A0008CD006 /* AGETEKOTests.xctest */;
			productType = "com.apple.product-type.bundle.unit-test";
		};
		57D421F32D89E4A0008CD006 /* AGETEKOUITests */ = {
			isa = PBXNativeTarget;
			buildConfigurationList = 57D422042D89E4A0008CD006 /* Build configuration list for PBXNativeTarget "AGETEKOUITests" */;
			buildPhases = (
				B3EEC1A2269B26227BF51F36 /* [CP] Check Pods Manifest.lock */,
				57D421F02D89E4A0008CD006 /* Sources */,
				57D421F12D89E4A0008CD006 /* Frameworks */,
				57D421F22D89E4A0008CD006 /* Resources */,
				192A53AB63B5CE769EDD3A8A /* [CP] Embed Pods Frameworks */,
			);
			buildRules = (
			);
			dependencies = (
				57D421F62D89E4A0008CD006 /* PBXTargetDependency */,
			);
			fileSystemSynchronizedGroups = (
				57D421F72D89E4A0008CD006 /* AGETEKOUITests */,
			);
			name = AGETEKOUITests;
			productName = AGETEKOUITests;
			productReference = 57D421F42D89E4A0008CD006 /* AGETEKOUITests.xctest */;
			productType = "com.apple.product-type.bundle.ui-testing";
		};
/* End PBXNativeTarget section */

/* Begin PBXProject section */
		57D421D12D89E49F008CD006 /* Project object */ = {
			isa = PBXProject;
			attributes = {
				BuildIndependentTargetsInParallel = 1;
				LastSwiftUpdateCheck = 1620;
				LastUpgradeCheck = 1620;
				TargetAttributes = {
					57D421D82D89E49F008CD006 = {
						CreatedOnToolsVersion = 16.2;
					};
					57D421E92D89E4A0008CD006 = {
						CreatedOnToolsVersion = 16.2;
						TestTargetID = 57D421D82D89E49F008CD006;
					};
					57D421F32D89E4A0008CD006 = {
						CreatedOnToolsVersion = 16.2;
						TestTargetID = 57D421D82D89E49F008CD006;
					};
				};
			};
			buildConfigurationList = 57D421D42D89E49F008CD006 /* Build configuration list for PBXProject "AGETEKO" */;
			developmentRegion = en;
			hasScannedForEncodings = 0;
			knownRegions = (
				en,
				Base,
			);
			mainGroup = 57D421D02D89E49F008CD006;
			minimizedProjectReferenceProxies = 1;
			packageReferences = (
				57A2E8462D8B2ED00086A056 /* XCRemoteSwiftPackageReference "OpenAI" */,
				57A2EE952D8CF8830086A056 /* XCRemoteSwiftPackageReference "swift-package-manager-google-mobile-ads" */,
				575576222D91127D005E4254 /* XCLocalSwiftPackageReference "../mlc-llm/ios/MLCSwift" */,
			);
			preferredProjectObjectVersion = 77;
			productRefGroup = 57D421DA2D89E49F008CD006 /* Products */;
			projectDirPath = "";
			projectRoot = "";
			targets = (
				57D421D82D89E49F008CD006 /* AGETEKO */,
				57D421E92D89E4A0008CD006 /* AGETEKOTests */,
				57D421F32D89E4A0008CD006 /* AGETEKOUITests */,
			);
		};
/* End PBXProject section */

/* Begin PBXResourcesBuildPhase section */
		57D421D72D89E49F008CD006 /* Resources */ = {
			isa = PBXResourcesBuildPhase;
			buildActionMask = 2147483647;
			files = (
				571C920D2D931DAD008F2261 /* gemma-3-1b-it-q4f16_1 in Resources */,
			);
			runOnlyForDeploymentPostprocessing = 0;
		};
		57D421E82D89E4A0008CD006 /* Resources */ = {
			isa = PBXResourcesBuildPhase;
			buildActionMask = 2147483647;
			files = (
			);
			runOnlyForDeploymentPostprocessing = 0;
		};
		57D421F22D89E4A0008CD006 /* Resources */ = {
			isa = PBXResourcesBuildPhase;
			buildActionMask = 2147483647;
			files = (
			);
			runOnlyForDeploymentPostprocessing = 0;
		};
/* End PBXResourcesBuildPhase section */

/* Begin PBXShellScriptBuildPhase section */
		192A53AB63B5CE769EDD3A8A /* [CP] Embed Pods Frameworks */ = {
			isa = PBXShellScriptBuildPhase;
			buildActionMask = 2147483647;
			files = (
			);
			inputFileListPaths = (
				"${PODS_ROOT}/Target Support Files/Pods-AGETEKO-AGETEKOUITests/Pods-AGETEKO-AGETEKOUITests-frameworks-${CONFIGURATION}-input-files.xcfilelist",
			);
			name = "[CP] Embed Pods Frameworks";
			outputFileListPaths = (
				"${PODS_ROOT}/Target Support Files/Pods-AGETEKO-AGETEKOUITests/Pods-AGETEKO-AGETEKOUITests-frameworks-${CONFIGURATION}-output-files.xcfilelist",
			);
			runOnlyForDeploymentPostprocessing = 0;
			shellPath = /bin/sh;
			shellScript = "\"${PODS_ROOT}/Target Support Files/Pods-AGETEKO-AGETEKOUITests/Pods-AGETEKO-AGETEKOUITests-frameworks.sh\"\n";
			showEnvVarsInLog = 0;
		};
		B3EEC1A2269B26227BF51F36 /* [CP] Check Pods Manifest.lock */ = {
			isa = PBXShellScriptBuildPhase;
			buildActionMask = 2147483647;
			files = (
			);
			inputFileListPaths = (
			);
			inputPaths = (
				"${PODS_PODFILE_DIR_PATH}/Podfile.lock",
				"${PODS_ROOT}/Manifest.lock",
			);
			name = "[CP] Check Pods Manifest.lock";
			outputFileListPaths = (
			);
			outputPaths = (
				"$(DERIVED_FILE_DIR)/Pods-AGETEKO-AGETEKOUITests-checkManifestLockResult.txt",
			);
			runOnlyForDeploymentPostprocessing = 0;
			shellPath = /bin/sh;
			shellScript = "diff \"${PODS_PODFILE_DIR_PATH}/Podfile.lock\" \"${PODS_ROOT}/Manifest.lock\" > /dev/null\nif [ $? != 0 ] ; then\n    # print error to STDERR\n    echo \"error: The sandbox is not in sync with the Podfile.lock. Run 'pod install' or update your CocoaPods installation.\" >&2\n    exit 1\nfi\n# This output is used by Xcode 'outputs' to avoid re-running this script phase.\necho \"SUCCESS\" > \"${SCRIPT_OUTPUT_FILE_0}\"\n";
			showEnvVarsInLog = 0;
		};
		BAC8ADD0810A5F16267C9F2B /* [CP] Check Pods Manifest.lock */ = {
			isa = PBXShellScriptBuildPhase;
			buildActionMask = 2147483647;
			files = (
			);
			inputFileListPaths = (
			);
			inputPaths = (
				"${PODS_PODFILE_DIR_PATH}/Podfile.lock",
				"${PODS_ROOT}/Manifest.lock",
			);
			name = "[CP] Check Pods Manifest.lock";
			outputFileListPaths = (
			);
			outputPaths = (
				"$(DERIVED_FILE_DIR)/Pods-AGETEKO-checkManifestLockResult.txt",
			);
			runOnlyForDeploymentPostprocessing = 0;
			shellPath = /bin/sh;
			shellScript = "diff \"${PODS_PODFILE_DIR_PATH}/Podfile.lock\" \"${PODS_ROOT}/Manifest.lock\" > /dev/null\nif [ $? != 0 ] ; then\n    # print error to STDERR\n    echo \"error: The sandbox is not in sync with the Podfile.lock. Run 'pod install' or update your CocoaPods installation.\" >&2\n    exit 1\nfi\n# This output is used by Xcode 'outputs' to avoid re-running this script phase.\necho \"SUCCESS\" > \"${SCRIPT_OUTPUT_FILE_0}\"\n";
			showEnvVarsInLog = 0;
		};
		C1C5CCDAF3F845AC67DBC21E /* [CP] Embed Pods Frameworks */ = {
			isa = PBXShellScriptBuildPhase;
			buildActionMask = 2147483647;
			files = (
			);
			inputFileListPaths = (
				"${PODS_ROOT}/Target Support Files/Pods-AGETEKO/Pods-AGETEKO-frameworks-${CONFIGURATION}-input-files.xcfilelist",
			);
			name = "[CP] Embed Pods Frameworks";
			outputFileListPaths = (
				"${PODS_ROOT}/Target Support Files/Pods-AGETEKO/Pods-AGETEKO-frameworks-${CONFIGURATION}-output-files.xcfilelist",
			);
			runOnlyForDeploymentPostprocessing = 0;
			shellPath = /bin/sh;
			shellScript = "\"${PODS_ROOT}/Target Support Files/Pods-AGETEKO/Pods-AGETEKO-frameworks.sh\"\n";
			showEnvVarsInLog = 0;
		};
		E37B93A243B2DEA44B78CCFF /* [CP] Check Pods Manifest.lock */ = {
			isa = PBXShellScriptBuildPhase;
			buildActionMask = 2147483647;
			files = (
			);
			inputFileListPaths = (
			);
			inputPaths = (
				"${PODS_PODFILE_DIR_PATH}/Podfile.lock",
				"${PODS_ROOT}/Manifest.lock",
			);
			name = "[CP] Check Pods Manifest.lock";
			outputFileListPaths = (
			);
			outputPaths = (
				"$(DERIVED_FILE_DIR)/Pods-AGETEKOTests-checkManifestLockResult.txt",
			);
			runOnlyForDeploymentPostprocessing = 0;
			shellPath = /bin/sh;
			shellScript = "diff \"${PODS_PODFILE_DIR_PATH}/Podfile.lock\" \"${PODS_ROOT}/Manifest.lock\" > /dev/null\nif [ $? != 0 ] ; then\n    # print error to STDERR\n    echo \"error: The sandbox is not in sync with the Podfile.lock. Run 'pod install' or update your CocoaPods installation.\" >&2\n    exit 1\nfi\n# This output is used by Xcode 'outputs' to avoid re-running this script phase.\necho \"SUCCESS\" > \"${SCRIPT_OUTPUT_FILE_0}\"\n";
			showEnvVarsInLog = 0;
		};
/* End PBXShellScriptBuildPhase section */

/* Begin PBXSourcesBuildPhase section */
		57D421D52D89E49F008CD006 /* Sources */ = {
			isa = PBXSourcesBuildPhase;
			buildActionMask = 2147483647;
			files = (
			);
			runOnlyForDeploymentPostprocessing = 0;
		};
		57D421E62D89E4A0008CD006 /* Sources */ = {
			isa = PBXSourcesBuildPhase;
			buildActionMask = 2147483647;
			files = (
			);
			runOnlyForDeploymentPostprocessing = 0;
		};
		57D421F02D89E4A0008CD006 /* Sources */ = {
			isa = PBXSourcesBuildPhase;
			buildActionMask = 2147483647;
			files = (
			);
			runOnlyForDeploymentPostprocessing = 0;
		};
/* End PBXSourcesBuildPhase section */

/* Begin PBXTargetDependency section */
		57D421EC2D89E4A0008CD006 /* PBXTargetDependency */ = {
			isa = PBXTargetDependency;
			target = 57D421D82D89E49F008CD006 /* AGETEKO */;
			targetProxy = 57D421EB2D89E4A0008CD006 /* PBXContainerItemProxy */;
		};
		57D421F62D89E4A0008CD006 /* PBXTargetDependency */ = {
			isa = PBXTargetDependency;
			target = 57D421D82D89E49F008CD006 /* AGETEKO */;
			targetProxy = 57D421F52D89E4A0008CD006 /* PBXContainerItemProxy */;
		};
/* End PBXTargetDependency section */

/* Begin XCBuildConfiguration section */
		57D421FC2D89E4A0008CD006 /* Debug */ = {
			isa = XCBuildConfiguration;
			buildSettings = {
				ALWAYS_SEARCH_USER_PATHS = NO;
				ASSETCATALOG_COMPILER_GENERATE_SWIFT_ASSET_SYMBOL_EXTENSIONS = YES;
				CLANG_ANALYZER_NONNULL = YES;
				CLANG_ANALYZER_NUMBER_OBJECT_CONVERSION = YES_AGGRESSIVE;
				CLANG_CXX_LANGUAGE_STANDARD = "gnu++20";
				CLANG_ENABLE_MODULES = YES;
				CLANG_ENABLE_OBJC_ARC = YES;
				CLANG_ENABLE_OBJC_WEAK = YES;
				CLANG_WARN_BLOCK_CAPTURE_AUTORELEASING = YES;
				CLANG_WARN_BOOL_CONVERSION = YES;
				CLANG_WARN_COMMA = YES;
				CLANG_WARN_CONSTANT_CONVERSION = YES;
				CLANG_WARN_DEPRECATED_OBJC_IMPLEMENTATIONS = YES;
				CLANG_WARN_DIRECT_OBJC_ISA_USAGE = YES_ERROR;
				CLANG_WARN_DOCUMENTATION_COMMENTS = YES;
				CLANG_WARN_EMPTY_BODY = YES;
				CLANG_WARN_ENUM_CONVERSION = YES;
				CLANG_WARN_INFINITE_RECURSION = YES;
				CLANG_WARN_INT_CONVERSION = YES;
				CLANG_WARN_NON_LITERAL_NULL_CONVERSION = YES;
				CLANG_WARN_OBJC_IMPLICIT_RETAIN_SELF = YES;
				CLANG_WARN_OBJC_LITERAL_CONVERSION = YES;
				CLANG_WARN_OBJC_ROOT_CLASS = YES_ERROR;
				CLANG_WARN_QUOTED_INCLUDE_IN_FRAMEWORK_HEADER = YES;
				CLANG_WARN_RANGE_LOOP_ANALYSIS = YES;
				CLANG_WARN_STRICT_PROTOTYPES = YES;
				CLANG_WARN_SUSPICIOUS_MOVE = YES;
				CLANG_WARN_UNGUARDED_AVAILABILITY = YES_AGGRESSIVE;
				CLANG_WARN_UNREACHABLE_CODE = YES;
				CLANG_WARN__DUPLICATE_METHOD_MATCH = YES;
				COPY_PHASE_STRIP = NO;
				DEAD_CODE_STRIPPING = YES;
				DEBUG_INFORMATION_FORMAT = dwarf;
				ENABLE_STRICT_OBJC_MSGSEND = YES;
				ENABLE_TESTABILITY = YES;
				ENABLE_USER_SCRIPT_SANDBOXING = NO;
				GCC_C_LANGUAGE_STANDARD = gnu17;
				GCC_DYNAMIC_NO_PIC = NO;
				GCC_NO_COMMON_BLOCKS = YES;
				GCC_OPTIMIZATION_LEVEL = 0;
				GCC_PREPROCESSOR_DEFINITIONS = (
					"DEBUG=1",
					"$(inherited)",
				);
				GCC_WARN_64_TO_32_BIT_CONVERSION = YES;
				GCC_WARN_ABOUT_RETURN_TYPE = YES_ERROR;
				GCC_WARN_UNDECLARED_SELECTOR = YES;
				GCC_WARN_UNINITIALIZED_AUTOS = YES_AGGRESSIVE;
				GCC_WARN_UNUSED_FUNCTION = YES;
				GCC_WARN_UNUSED_VARIABLE = YES;
				LOCALIZATION_PREFERS_STRING_CATALOGS = YES;
				MTL_ENABLE_DEBUG_INFO = INCLUDE_SOURCE;
				MTL_FAST_MATH = YES;
				ONLY_ACTIVE_ARCH = YES;
				OTHER_CFLAGS = "";
				SWIFT_ACTIVE_COMPILATION_CONDITIONS = "DEBUG $(inherited)";
				SWIFT_OPTIMIZATION_LEVEL = "-Onone";
				USE_HEADERMAP = NO;
			};
			name = Debug;
		};
		57D421FD2D89E4A0008CD006 /* Release */ = {
			isa = XCBuildConfiguration;
			buildSettings = {
				ALWAYS_SEARCH_USER_PATHS = NO;
				ASSETCATALOG_COMPILER_GENERATE_SWIFT_ASSET_SYMBOL_EXTENSIONS = YES;
				CLANG_ANALYZER_NONNULL = YES;
				CLANG_ANALYZER_NUMBER_OBJECT_CONVERSION = YES_AGGRESSIVE;
				CLANG_CXX_LANGUAGE_STANDARD = "gnu++20";
				CLANG_ENABLE_MODULES = YES;
				CLANG_ENABLE_OBJC_ARC = YES;
				CLANG_ENABLE_OBJC_WEAK = YES;
				CLANG_WARN_BLOCK_CAPTURE_AUTORELEASING = YES;
				CLANG_WARN_BOOL_CONVERSION = YES;
				CLANG_WARN_COMMA = YES;
				CLANG_WARN_CONSTANT_CONVERSION = YES;
				CLANG_WARN_DEPRECATED_OBJC_IMPLEMENTATIONS = YES;
				CLANG_WARN_DIRECT_OBJC_ISA_USAGE = YES_ERROR;
				CLANG_WARN_DOCUMENTATION_COMMENTS = YES;
				CLANG_WARN_EMPTY_BODY = YES;
				CLANG_WARN_ENUM_CONVERSION = YES;
				CLANG_WARN_INFINITE_RECURSION = YES;
				CLANG_WARN_INT_CONVERSION = YES;
				CLANG_WARN_NON_LITERAL_NULL_CONVERSION = YES;
				CLANG_WARN_OBJC_IMPLICIT_RETAIN_SELF = YES;
				CLANG_WARN_OBJC_LITERAL_CONVERSION = YES;
				CLANG_WARN_OBJC_ROOT_CLASS = YES_ERROR;
				CLANG_WARN_QUOTED_INCLUDE_IN_FRAMEWORK_HEADER = YES;
				CLANG_WARN_RANGE_LOOP_ANALYSIS = YES;
				CLANG_WARN_STRICT_PROTOTYPES = YES;
				CLANG_WARN_SUSPICIOUS_MOVE = YES;
				CLANG_WARN_UNGUARDED_AVAILABILITY = YES_AGGRESSIVE;
				CLANG_WARN_UNREACHABLE_CODE = YES;
				CLANG_WARN__DUPLICATE_METHOD_MATCH = YES;
				COPY_PHASE_STRIP = NO;
				DEAD_CODE_STRIPPING = YES;
				DEBUG_INFORMATION_FORMAT = "dwarf-with-dsym";
				ENABLE_NS_ASSERTIONS = NO;
				ENABLE_STRICT_OBJC_MSGSEND = YES;
				ENABLE_USER_SCRIPT_SANDBOXING = NO;
				GCC_C_LANGUAGE_STANDARD = gnu17;
				GCC_NO_COMMON_BLOCKS = YES;
				GCC_WARN_64_TO_32_BIT_CONVERSION = YES;
				GCC_WARN_ABOUT_RETURN_TYPE = YES_ERROR;
				GCC_WARN_UNDECLARED_SELECTOR = YES;
				GCC_WARN_UNINITIALIZED_AUTOS = YES_AGGRESSIVE;
				GCC_WARN_UNUSED_FUNCTION = YES;
				GCC_WARN_UNUSED_VARIABLE = YES;
				LOCALIZATION_PREFERS_STRING_CATALOGS = YES;
				MTL_ENABLE_DEBUG_INFO = NO;
				MTL_FAST_MATH = YES;
				OTHER_CFLAGS = "";
				SWIFT_COMPILATION_MODE = wholemodule;
				USE_HEADERMAP = NO;
			};
			name = Release;
		};
		57D421FF2D89E4A0008CD006 /* Debug */ = {
			isa = XCBuildConfiguration;
			baseConfigurationReference = 21195A4516DFC2AFD044EFAD /* Pods-AGETEKO.debug.xcconfig */;
			buildSettings = {
				ASSETCATALOG_COMPILER_APPICON_NAME = AppIcon;
				ASSETCATALOG_COMPILER_GLOBAL_ACCENT_COLOR_NAME = AccentColor;
				CODE_SIGN_ENTITLEMENTS = AGETEKO/AGETEKO.entitlements;
				CODE_SIGN_STYLE = Automatic;
				CURRENT_PROJECT_VERSION = 1;
				DEAD_CODE_STRIPPING = YES;
				DEVELOPMENT_ASSET_PATHS = "\"AGETEKO/Preview Content\"";
				DEVELOPMENT_TEAM = MY8WU4892D;
				ENABLE_HARDENED_RUNTIME = YES;
				ENABLE_PREVIEWS = YES;
				GENERATE_INFOPLIST_FILE = YES;
				INFOPLIST_FILE = AGETEKO/Info.plist;
				INFOPLIST_KEY_NSMicrophoneUsageDescription = "$(PRODUCT_NAME)此應用程式使用您的麥克風來處理語音輸入";
				INFOPLIST_KEY_NSSpeechRecognitionUsageDescription = "$(PRODUCT_NAME)需要語音識別功能來轉換您的語音為文字";
				"INFOPLIST_KEY_UIApplicationSceneManifest_Generation[sdk=iphoneos*]" = YES;
				"INFOPLIST_KEY_UIApplicationSceneManifest_Generation[sdk=iphonesimulator*]" = YES;
				"INFOPLIST_KEY_UIApplicationSupportsIndirectInputEvents[sdk=iphoneos*]" = YES;
				"INFOPLIST_KEY_UIApplicationSupportsIndirectInputEvents[sdk=iphonesimulator*]" = YES;
				"INFOPLIST_KEY_UILaunchScreen_Generation[sdk=iphoneos*]" = YES;
				"INFOPLIST_KEY_UILaunchScreen_Generation[sdk=iphonesimulator*]" = YES;
				"INFOPLIST_KEY_UIStatusBarStyle[sdk=iphoneos*]" = UIStatusBarStyleDefault;
				"INFOPLIST_KEY_UIStatusBarStyle[sdk=iphonesimulator*]" = UIStatusBarStyleDefault;
				INFOPLIST_KEY_UISupportedInterfaceOrientations_iPad = "UIInterfaceOrientationPortrait UIInterfaceOrientationPortraitUpsideDown UIInterfaceOrientationLandscapeLeft UIInterfaceOrientationLandscapeRight";
				INFOPLIST_KEY_UISupportedInterfaceOrientations_iPhone = "UIInterfaceOrientationPortrait UIInterfaceOrientationLandscapeLeft UIInterfaceOrientationLandscapeRight";
				IPHONEOS_DEPLOYMENT_TARGET = 18.2;
				LD_RUNPATH_SEARCH_PATHS = "$(inherited)";
				LIBRARY_SEARCH_PATHS = (
					"$(inherited)",
					"$(PROJECT_DIR)/AGETEKO/dist/lib",
					/Users/changchiawei/Desktop/AGETEKO/AGETEKO/dist/lib,
					/Users/changchiawei/Desktop/AGETEKO/AGETEKO/dist/bundle,
					"$(PROJECT_DIR)/AGETEKO/dist-back-up-gemma-4b/lib",
					"$(PROJECT_DIR)/AGETEKO/dist-backup-Llama-1b/lib",
					"$(PROJECT_DIR)/AGETEKO/dist-back-up--3b/lib",
					"$(PROJECT_DIR)/AGETEKO/dist-back-up-Llama-3b/lib",
					"$(PROJECT_DIR)/AGETEKO/dist-back-up-gemma-1b/lib",
				);
				MACOSX_DEPLOYMENT_TARGET = 15.2;
				MARKETING_VERSION = 1.0;
				OTHER_LDFLAGS = (
					"$(inherited)",
					"-ObjC",
					"-l\"c++\"",
					"-l\"sqlite3\"",
					"-l\"z\"",
					"-framework",
					"\"AVFoundation\"",
					"-framework",
					"\"AudioToolbox\"",
					"-framework",
					"\"CFNetwork\"",
					"-framework",
					"\"CoreGraphics\"",
					"-framework",
					"\"CoreMedia\"",
					"-framework",
					"\"CoreTelephony\"",
					"-framework",
					"\"CoreVideo\"",
					"-framework",
					"\"FBLPromises\"",
					"-framework",
					"\"GoogleAppMeasurement\"",
					"-framework",
					"\"GoogleAppMeasurementIdentitySupport\"",
					"-framework",
					"\"GoogleMobileAds\"",
					"-framework",
					"\"GoogleUtilities\"",
					"-framework",
					"\"MediaPlayer\"",
					"-framework",
					"\"MessageUI\"",
					"-framework",
					"\"MobileCoreServices\"",
					"-framework",
					"\"QuartzCore\"",
					"-framework",
					"\"Security\"",
					"-framework",
					"\"StoreKit\"",
					"-framework",
					"\"SystemConfiguration\"",
					"-framework",
					"\"UserMessagingPlatform\"",
					"-framework",
					"\"WebKit\"",
					"-framework",
					"\"nanopb\"",
					"-weak_framework",
					"\"AdSupport\"",
					"-weak_framework",
					"\"JavaScriptCore\"",
					"-weak_framework",
					"\"SafariServices\"",
					"-weak_framework",
					WebKit,
					"-Wl,-all_load",
					"-lmodel_iphone",
					"-lmlc_llm",
					"-ltvm_runtime",
					"-ltokenizers_cpp",
					"-lsentencepiece",
					"-ltokenizers_c",
				);
				PRODUCT_BUNDLE_IDENTIFIER = CHIA.AGETEKO;
				PRODUCT_NAME = "$(TARGET_NAME)";
				SDKROOT = auto;
				SUPPORTED_PLATFORMS = "iphoneos iphonesimulator macosx xros xrsimulator";
				SWIFT_EMIT_LOC_STRINGS = YES;
				SWIFT_VERSION = 5.0;
				TARGETED_DEVICE_FAMILY = "1,2,7";
				XROS_DEPLOYMENT_TARGET = 2.2;
			};
			name = Debug;
		};
		57D422002D89E4A0008CD006 /* Release */ = {
			isa = XCBuildConfiguration;
			baseConfigurationReference = 880A49349ADB9FC6C9BA1B40 /* Pods-AGETEKO.release.xcconfig */;
			buildSettings = {
				ASSETCATALOG_COMPILER_APPICON_NAME = AppIcon;
				ASSETCATALOG_COMPILER_GLOBAL_ACCENT_COLOR_NAME = AccentColor;
				CODE_SIGN_ENTITLEMENTS = AGETEKO/AGETEKO.entitlements;
				CODE_SIGN_STYLE = Automatic;
				CURRENT_PROJECT_VERSION = 1;
				DEAD_CODE_STRIPPING = YES;
				DEVELOPMENT_ASSET_PATHS = "\"AGETEKO/Preview Content\"";
				DEVELOPMENT_TEAM = MY8WU4892D;
				ENABLE_HARDENED_RUNTIME = YES;
				ENABLE_PREVIEWS = YES;
				GENERATE_INFOPLIST_FILE = YES;
				INFOPLIST_FILE = AGETEKO/Info.plist;
				INFOPLIST_KEY_NSMicrophoneUsageDescription = "$(PRODUCT_NAME)此應用程式使用您的麥克風來處理語音輸入";
				INFOPLIST_KEY_NSSpeechRecognitionUsageDescription = "$(PRODUCT_NAME)需要語音識別功能來轉換您的語音為文字";
				"INFOPLIST_KEY_UIApplicationSceneManifest_Generation[sdk=iphoneos*]" = YES;
				"INFOPLIST_KEY_UIApplicationSceneManifest_Generation[sdk=iphonesimulator*]" = YES;
				"INFOPLIST_KEY_UIApplicationSupportsIndirectInputEvents[sdk=iphoneos*]" = YES;
				"INFOPLIST_KEY_UIApplicationSupportsIndirectInputEvents[sdk=iphonesimulator*]" = YES;
				"INFOPLIST_KEY_UILaunchScreen_Generation[sdk=iphoneos*]" = YES;
				"INFOPLIST_KEY_UILaunchScreen_Generation[sdk=iphonesimulator*]" = YES;
				"INFOPLIST_KEY_UIStatusBarStyle[sdk=iphoneos*]" = UIStatusBarStyleDefault;
				"INFOPLIST_KEY_UIStatusBarStyle[sdk=iphonesimulator*]" = UIStatusBarStyleDefault;
				INFOPLIST_KEY_UISupportedInterfaceOrientations_iPad = "UIInterfaceOrientationPortrait UIInterfaceOrientationPortraitUpsideDown UIInterfaceOrientationLandscapeLeft UIInterfaceOrientationLandscapeRight";
				INFOPLIST_KEY_UISupportedInterfaceOrientations_iPhone = "UIInterfaceOrientationPortrait UIInterfaceOrientationLandscapeLeft UIInterfaceOrientationLandscapeRight";
				IPHONEOS_DEPLOYMENT_TARGET = 18.2;
				LD_RUNPATH_SEARCH_PATHS = "$(inherited)";
				LIBRARY_SEARCH_PATHS = (
					"$(inherited)",
					"$(PROJECT_DIR)/AGETEKO/dist/lib",
					/Users/changchiawei/Desktop/AGETEKO/AGETEKO/dist/lib,
					/Users/changchiawei/Desktop/AGETEKO/AGETEKO/dist/bundle,
					"$(PROJECT_DIR)/AGETEKO/dist-back-up-gemma-4b/lib",
					"$(PROJECT_DIR)/AGETEKO/dist-backup-Llama-1b/lib",
					"$(PROJECT_DIR)/AGETEKO/dist-back-up--3b/lib",
					"$(PROJECT_DIR)/AGETEKO/dist-back-up-Llama-3b/lib",
					"$(PROJECT_DIR)/AGETEKO/dist-back-up-gemma-1b/lib",
				);
				MACOSX_DEPLOYMENT_TARGET = 15.2;
				MARKETING_VERSION = 1.0;
				OTHER_LDFLAGS = (
					"$(inherited)",
					"-ObjC",
					"-l\"c++\"",
					"-l\"sqlite3\"",
					"-l\"z\"",
					"-framework",
					"\"AVFoundation\"",
					"-framework",
					"\"AudioToolbox\"",
					"-framework",
					"\"CFNetwork\"",
					"-framework",
					"\"CoreGraphics\"",
					"-framework",
					"\"CoreMedia\"",
					"-framework",
					"\"CoreTelephony\"",
					"-framework",
					"\"CoreVideo\"",
					"-framework",
					"\"FBLPromises\"",
					"-framework",
					"\"GoogleAppMeasurement\"",
					"-framework",
					"\"GoogleAppMeasurementIdentitySupport\"",
					"-framework",
					"\"GoogleMobileAds\"",
					"-framework",
					"\"GoogleUtilities\"",
					"-framework",
					"\"MediaPlayer\"",
					"-framework",
					"\"MessageUI\"",
					"-framework",
					"\"MobileCoreServices\"",
					"-framework",
					"\"QuartzCore\"",
					"-framework",
					"\"Security\"",
					"-framework",
					"\"StoreKit\"",
					"-framework",
					"\"SystemConfiguration\"",
					"-framework",
					"\"UserMessagingPlatform\"",
					"-framework",
					"\"WebKit\"",
					"-framework",
					"\"nanopb\"",
					"-weak_framework",
					"\"AdSupport\"",
					"-weak_framework",
					"\"JavaScriptCore\"",
					"-weak_framework",
					"\"SafariServices\"",
					"-weak_framework",
					WebKit,
					"-Wl,-all_load",
					"-lmodel_iphone",
					"-lmlc_llm",
					"-ltvm_runtime",
					"-ltokenizers_cpp",
					"-lsentencepiece",
					"-ltokenizers_c",
				);
				PRODUCT_BUNDLE_IDENTIFIER = CHIA.AGETEKO;
				PRODUCT_NAME = "$(TARGET_NAME)";
				SDKROOT = auto;
				SUPPORTED_PLATFORMS = "iphoneos iphonesimulator macosx xros xrsimulator";
				SWIFT_EMIT_LOC_STRINGS = YES;
				SWIFT_VERSION = 5.0;
				TARGETED_DEVICE_FAMILY = "1,2,7";
				XROS_DEPLOYMENT_TARGET = 2.2;
			};
			name = Release;
		};
		57D422022D89E4A0008CD006 /* Debug */ = {
			isa = XCBuildConfiguration;
			baseConfigurationReference = 9F0E72C1105EAC4C73869D44 /* Pods-AGETEKOTests.debug.xcconfig */;
			buildSettings = {
				BUNDLE_LOADER = "$(TEST_HOST)";
				CODE_SIGN_STYLE = Automatic;
				CURRENT_PROJECT_VERSION = 1;
				DEAD_CODE_STRIPPING = YES;
				DEVELOPMENT_TEAM = MY8WU4892D;
				GENERATE_INFOPLIST_FILE = YES;
				IPHONEOS_DEPLOYMENT_TARGET = 18.2;
				MACOSX_DEPLOYMENT_TARGET = 15.2;
				MARKETING_VERSION = 1.0;
				PRODUCT_BUNDLE_IDENTIFIER = CHIA.AGETEKOTests;
				PRODUCT_NAME = "$(TARGET_NAME)";
				SDKROOT = auto;
				SUPPORTED_PLATFORMS = "iphoneos iphonesimulator macosx xros xrsimulator";
				SWIFT_EMIT_LOC_STRINGS = NO;
				SWIFT_VERSION = 5.0;
				TARGETED_DEVICE_FAMILY = "1,2,7";
				TEST_HOST = "$(BUILT_PRODUCTS_DIR)/AGETEKO.app/$(BUNDLE_EXECUTABLE_FOLDER_PATH)/AGETEKO";
				XROS_DEPLOYMENT_TARGET = 2.2;
			};
			name = Debug;
		};
		57D422032D89E4A0008CD006 /* Release */ = {
			isa = XCBuildConfiguration;
			baseConfigurationReference = 71F1A0EE0ECE9AD521F1E11D /* Pods-AGETEKOTests.release.xcconfig */;
			buildSettings = {
				BUNDLE_LOADER = "$(TEST_HOST)";
				CODE_SIGN_STYLE = Automatic;
				CURRENT_PROJECT_VERSION = 1;
				DEAD_CODE_STRIPPING = YES;
				DEVELOPMENT_TEAM = MY8WU4892D;
				GENERATE_INFOPLIST_FILE = YES;
				IPHONEOS_DEPLOYMENT_TARGET = 18.2;
				MACOSX_DEPLOYMENT_TARGET = 15.2;
				MARKETING_VERSION = 1.0;
				PRODUCT_BUNDLE_IDENTIFIER = CHIA.AGETEKOTests;
				PRODUCT_NAME = "$(TARGET_NAME)";
				SDKROOT = auto;
				SUPPORTED_PLATFORMS = "iphoneos iphonesimulator macosx xros xrsimulator";
				SWIFT_EMIT_LOC_STRINGS = NO;
				SWIFT_VERSION = 5.0;
				TARGETED_DEVICE_FAMILY = "1,2,7";
				TEST_HOST = "$(BUILT_PRODUCTS_DIR)/AGETEKO.app/$(BUNDLE_EXECUTABLE_FOLDER_PATH)/AGETEKO";
				XROS_DEPLOYMENT_TARGET = 2.2;
			};
			name = Release;
		};
		57D422052D89E4A0008CD006 /* Debug */ = {
			isa = XCBuildConfiguration;
			baseConfigurationReference = 5ECEAB7CF04737238E53F28E /* Pods-AGETEKO-AGETEKOUITests.debug.xcconfig */;
			buildSettings = {
				CODE_SIGN_STYLE = Automatic;
				CURRENT_PROJECT_VERSION = 1;
				DEAD_CODE_STRIPPING = YES;
				DEVELOPMENT_TEAM = MY8WU4892D;
				GENERATE_INFOPLIST_FILE = YES;
				IPHONEOS_DEPLOYMENT_TARGET = 18.2;
				MACOSX_DEPLOYMENT_TARGET = 15.2;
				MARKETING_VERSION = 1.0;
				PRODUCT_BUNDLE_IDENTIFIER = CHIA.AGETEKOUITests;
				PRODUCT_NAME = "$(TARGET_NAME)";
				SDKROOT = auto;
				SUPPORTED_PLATFORMS = "iphoneos iphonesimulator macosx xros xrsimulator";
				SWIFT_EMIT_LOC_STRINGS = NO;
				SWIFT_VERSION = 5.0;
				TARGETED_DEVICE_FAMILY = "1,2,7";
				TEST_TARGET_NAME = AGETEKO;
				XROS_DEPLOYMENT_TARGET = 2.2;
			};
			name = Debug;
		};
		57D422062D89E4A0008CD006 /* Release */ = {
			isa = XCBuildConfiguration;
			baseConfigurationReference = C866EC94DF163966424FCA54 /* Pods-AGETEKO-AGETEKOUITests.release.xcconfig */;
			buildSettings = {
				CODE_SIGN_STYLE = Automatic;
				CURRENT_PROJECT_VERSION = 1;
				DEAD_CODE_STRIPPING = YES;
				DEVELOPMENT_TEAM = MY8WU4892D;
				GENERATE_INFOPLIST_FILE = YES;
				IPHONEOS_DEPLOYMENT_TARGET = 18.2;
				MACOSX_DEPLOYMENT_TARGET = 15.2;
				MARKETING_VERSION = 1.0;
				PRODUCT_BUNDLE_IDENTIFIER = CHIA.AGETEKOUITests;
				PRODUCT_NAME = "$(TARGET_NAME)";
				SDKROOT = auto;
				SUPPORTED_PLATFORMS = "iphoneos iphonesimulator macosx xros xrsimulator";
				SWIFT_EMIT_LOC_STRINGS = NO;
				SWIFT_VERSION = 5.0;
				TARGETED_DEVICE_FAMILY = "1,2,7";
				TEST_TARGET_NAME = AGETEKO;
				XROS_DEPLOYMENT_TARGET = 2.2;
			};
			name = Release;
		};
/* End XCBuildConfiguration section */

/* Begin XCConfigurationList section */
		57D421D42D89E49F008CD006 /* Build configuration list for PBXProject "AGETEKO" */ = {
			isa = XCConfigurationList;
			buildConfigurations = (
				57D421FC2D89E4A0008CD006 /* Debug */,
				57D421FD2D89E4A0008CD006 /* Release */,
			);
			defaultConfigurationIsVisible = 0;
			defaultConfigurationName = Release;
		};
		57D421FE2D89E4A0008CD006 /* Build configuration list for PBXNativeTarget "AGETEKO" */ = {
			isa = XCConfigurationList;
			buildConfigurations = (
				57D421FF2D89E4A0008CD006 /* Debug */,
				57D422002D89E4A0008CD006 /* Release */,
			);
			defaultConfigurationIsVisible = 0;
			defaultConfigurationName = Release;
		};
		57D422012D89E4A0008CD006 /* Build configuration list for PBXNativeTarget "AGETEKOTests" */ = {
			isa = XCConfigurationList;
			buildConfigurations = (
				57D422022D89E4A0008CD006 /* Debug */,
				57D422032D89E4A0008CD006 /* Release */,
			);
			defaultConfigurationIsVisible = 0;
			defaultConfigurationName = Release;
		};
		57D422042D89E4A0008CD006 /* Build configuration list for PBXNativeTarget "AGETEKOUITests" */ = {
			isa = XCConfigurationList;
			buildConfigurations = (
				57D422052D89E4A0008CD006 /* Debug */,
				57D422062D89E4A0008CD006 /* Release */,
			);
			defaultConfigurationIsVisible = 0;
			defaultConfigurationName = Release;
		};
/* End XCConfigurationList section */

/* Begin XCLocalSwiftPackageReference section */
		575576222D91127D005E4254 /* XCLocalSwiftPackageReference "../mlc-llm/ios/MLCSwift" */ = {
			isa = XCLocalSwiftPackageReference;
			relativePath = "../mlc-llm/ios/MLCSwift";
		};
/* End XCLocalSwiftPackageReference section */

/* Begin XCRemoteSwiftPackageReference section */
		57A2E8462D8B2ED00086A056 /* XCRemoteSwiftPackageReference "OpenAI" */ = {
			isa = XCRemoteSwiftPackageReference;
			repositoryURL = "https://github.com/MacPaw/OpenAI.git";
			requirement = {
				kind = upToNextMajorVersion;
				minimumVersion = 0.3.6;
			};
		};
		57A2EE952D8CF8830086A056 /* XCRemoteSwiftPackageReference "swift-package-manager-google-mobile-ads" */ = {
			isa = XCRemoteSwiftPackageReference;
			repositoryURL = "https://github.com/googleads/swift-package-manager-google-mobile-ads.git";
			requirement = {
				kind = upToNextMajorVersion;
				minimumVersion = 12.2.0;
			};
		};
/* End XCRemoteSwiftPackageReference section */

/* Begin XCSwiftPackageProductDependency section */
		575576232D91127D005E4254 /* MLCSwift */ = {
			isa = XCSwiftPackageProductDependency;
			productName = MLCSwift;
		};
		57A2E8472D8B2ED00086A056 /* OpenAI */ = {
			isa = XCSwiftPackageProductDependency;
			package = 57A2E8462D8B2ED00086A056 /* XCRemoteSwiftPackageReference "OpenAI" */;
			productName = OpenAI;
		};
		57A2EE962D8CF8830086A056 /* GoogleMobileAds */ = {
			isa = XCSwiftPackageProductDependency;
			package = 57A2EE952D8CF8830086A056 /* XCRemoteSwiftPackageReference "swift-package-manager-google-mobile-ads" */;
			productName = GoogleMobileAds;
		};
/* End XCSwiftPackageProductDependency section */
	};
	rootObject = 57D421D12D89E49F008CD006 /* Project object */;
}
